
Microsoft Visual Studio Solution File, Format Version 12.00
# Visual Studio Version 17
VisualStudioVersion = 17.1.32228.430
MinimumVisualStudioVersion = 10.0.40219.1
Project("{9A19103F-16F7-4668-BE54-9A1E7A4F7556}") = "Endpoints_MapMethod", "Endpoints_MapMethod\Endpoints_MapMethod.csproj", "{DBEB9E71-EE3E-40F6-AED8-FA0761D4D593}"
EndProject
Project("{FAE04EC0-301F-11D3-BF4B-00C04F79EFBC}") = "RouteParameters", "RouteParameters\RouteParameters.csproj", "{21ADADD5-FAE2-454D-8C8D-0316B5BE9B20}"
EndProject
Project("{FAE04EC0-301F-11D3-BF4B-00C04F79EFBC}") = "RouteConstraint", "RouteConstraint\RouteConstraint.csproj", "{52758631-51E9-490F-9127-3DFA994EAB76}"
EndProject
Project("{FAE04EC0-301F-11D3-BF4B-00C04F79EFBC}") = "CreatingRouteConstraint", "CreatingRouteConstraint\CreatingRouteConstraint.csproj", "{1FD58707-0FF7-4C1D-9326-F1BD0C3A3DD9}"
EndProject
Global
	GlobalSection(SolutionConfigurationPlatforms) = preSolution
		Debug|Any CPU = Debug|Any CPU
		Release|Any CPU = Release|Any CPU
	EndGlobalSection
	GlobalSection(ProjectConfigurationPlatforms) = postSolution
		{DBEB9E71-EE3E-40F6-AED8-FA0761D4D593}.Debug|Any CPU.ActiveCfg = Debug|Any CPU
		{DBEB9E71-EE3E-40F6-AED8-FA0761D4D593}.Debug|Any CPU.Build.0 = Debug|Any CPU
		{DBEB9E71-EE3E-40F6-AED8-FA0761D4D593}.Release|Any CPU.ActiveCfg = Release|Any CPU
		{DBEB9E71-EE3E-40F6-AED8-FA0761D4D593}.Release|Any CPU.Build.0 = Release|Any CPU
		{21ADADD5-FAE2-454D-8C8D-0316B5BE9B20}.Debug|Any CPU.ActiveCfg = Debug|Any CPU
		{21ADADD5-FAE2-454D-8C8D-0316B5BE9B20}.Debug|Any CPU.Build.0 = Debug|Any CPU
		{21ADADD5-FAE2-454D-8C8D-0316B5BE9B20}.Release|Any CPU.ActiveCfg = Release|Any CPU
		{21ADADD5-FAE2-454D-8C8D-0316B5BE9B20}.Release|Any CPU.Build.0 = Release|Any CPU
		{52758631-51E9-490F-9127-3DFA994EAB76}.Debug|Any CPU.ActiveCfg = Debug|Any CPU
		{52758631-51E9-490F-9127-3DFA994EAB76}.Debug|Any CPU.Build.0 = Debug|Any CPU
		{52758631-51E9-490F-9127-3DFA994EAB76}.Release|Any CPU.ActiveCfg = Release|Any CPU
		{52758631-51E9-490F-9127-3DFA994EAB76}.Release|Any CPU.Build.0 = Release|Any CPU
		{1FD58707-0FF7-4C1D-9326-F1BD0C3A3DD9}.Debug|Any CPU.ActiveCfg = Debug|Any CPU
		{1FD58707-0FF7-4C1D-9326-F1BD0C3A3DD9}.Debug|Any CPU.Build.0 = Debug|Any CPU
		{1FD58707-0FF7-4C1D-9326-F1BD0C3A3DD9}.Release|Any CPU.ActiveCfg = Release|Any CPU
		{1FD58707-0FF7-4C1D-9326-F1BD0C3A3DD9}.Release|Any CPU.Build.0 = Release|Any CPU
	EndGlobalSection
	GlobalSection(SolutionProperties) = preSolution
		HideSolutionNode = FALSE
	EndGlobalSection
	GlobalSection(ExtensibilityGlobals) = postSolution
		SolutionGuid = {ACC36E19-9A45-445C-A94B-117F2FE5EB48}
	EndGlobalSection
EndGlobal
